// !$*UTF8*$!
{
	archiveVersion = 1;
	classes = {
	};
	objectVersion = 48;
	objects = {

/* Begin PBXBuildFile section */
		5103BE211FF65BA2002B1C13 /* MFSideMenuShadow.m in Sources */ = {isa = PBXBuildFile; fileRef = 5103BE1B1FF65BA1002B1C13 /* MFSideMenuShadow.m */; };
		5103BE221FF65BA2002B1C13 /* MFSideMenuContainerViewController.m in Sources */ = {isa = PBXBuildFile; fileRef = 5103BE1D1FF65BA1002B1C13 /* MFSideMenuContainerViewController.m */; };
		5103BE231FF65BA2002B1C13 /* UIViewController+MFSideMenuAdditions.m in Sources */ = {isa = PBXBuildFile; fileRef = 5103BE1F1FF65BA1002B1C13 /* UIViewController+MFSideMenuAdditions.m */; };
		5103BE2D1FF65C65002B1C13 /* HexColor in Resources */ = {isa = PBXBuildFile; fileRef = 5103BE2C1FF65C65002B1C13 /* HexColor */; };
		5103BE2F1FF66150002B1C13 /* SwiftHEXColors.swift in Sources */ = {isa = PBXBuildFile; fileRef = 5103BE2E1FF66150002B1C13 /* SwiftHEXColors.swift */; };
		51046AE5205F9D9E00F55BDB /* HorooDetialViewController.swift in Sources */ = {isa = PBXBuildFile; fileRef = 51046AE3205F9D9E00F55BDB /* HorooDetialViewController.swift */; };
		51214F2C2146037F00DC031D /* IntroViewController.swift in Sources */ = {isa = PBXBuildFile; fileRef = 51214F2B2146037F00DC031D /* IntroViewController.swift */; };
		51215563218EB95800BFC038 /* SideTableViewCell.swift in Sources */ = {isa = PBXBuildFile; fileRef = 51215562218EB95800BFC038 /* SideTableViewCell.swift */; };
		51215565218EBE0D00BFC038 /* SideItem.swift in Sources */ = {isa = PBXBuildFile; fileRef = 51215564218EBE0D00BFC038 /* SideItem.swift */; };
		51215567218ED04400BFC038 /* PdfViewController.swift in Sources */ = {isa = PBXBuildFile; fileRef = 51215566218ED04400BFC038 /* PdfViewController.swift */; };
		5123DA0D2192F07E00C28ACE /* NewsItem.swift in Sources */ = {isa = PBXBuildFile; fileRef = 5123DA0C2192F07E00C28ACE /* NewsItem.swift */; };
		5123DA0F219303AD00C28ACE /* PhotoViewCollectionInCell.swift in Sources */ = {isa = PBXBuildFile; fileRef = 5123DA0E219303AD00C28ACE /* PhotoViewCollectionInCell.swift */; };
		5123DA112193043C00C28ACE /* VideoCollectionInCell.swift in Sources */ = {isa = PBXBuildFile; fileRef = 5123DA102193043C00C28ACE /* VideoCollectionInCell.swift */; };
		5123DA162193086500C28ACE /* NewsDetailViewController.swift in Sources */ = {isa = PBXBuildFile; fileRef = 5123DA152193086500C28ACE /* NewsDetailViewController.swift */; };
		5123DA1821930B5500C28ACE /* DetailItem.swift in Sources */ = {isa = PBXBuildFile; fileRef = 5123DA1721930B5500C28ACE /* DetailItem.swift */; };
		51250F2721553A48006BE32D /* ServiceDetailController.swift in Sources */ = {isa = PBXBuildFile; fileRef = 51250F2621553A48006BE32D /* ServiceDetailController.swift */; };
		51250F2A21554496006BE32D /* SideViewController.swift in Sources */ = {isa = PBXBuildFile; fileRef = 51250F2921554496006BE32D /* SideViewController.swift */; };
		512F2B0F20BBE432003CA2FA /* FeedSendViewController.swift in Sources */ = {isa = PBXBuildFile; fileRef = 512F2B0E20BBE432003CA2FA /* FeedSendViewController.swift */; };
		512F2B1520BBF323003CA2FA /* Utils.swift in Sources */ = {isa = PBXBuildFile; fileRef = 512F2B1420BBF323003CA2FA /* Utils.swift */; };
		513CD56B21569963002E8C6F /* OntslohCollectionViewCell.swift in Sources */ = {isa = PBXBuildFile; fileRef = 513CD56A21569963002E8C6F /* OntslohCollectionViewCell.swift */; };
		513CD56D2156A306002E8C6F /* OntslohCollectionView.swift in Sources */ = {isa = PBXBuildFile; fileRef = 513CD56C2156A306002E8C6F /* OntslohCollectionView.swift */; };
		516645C21FFE6B27007AA98B /* TabItem.swift in Sources */ = {isa = PBXBuildFile; fileRef = 516645C11FFE6B27007AA98B /* TabItem.swift */; };
		516A220E1FF62389004AEF95 /* AppDelegate.swift in Sources */ = {isa = PBXBuildFile; fileRef = 516A220D1FF62389004AEF95 /* AppDelegate.swift */; };
		516A22101FF62389004AEF95 /* ViewController.swift in Sources */ = {isa = PBXBuildFile; fileRef = 516A220F1FF62389004AEF95 /* ViewController.swift */; };
		516A22131FF62389004AEF95 /* Main.storyboard in Resources */ = {isa = PBXBuildFile; fileRef = 516A22111FF62389004AEF95 /* Main.storyboard */; };
		516A22151FF62389004AEF95 /* Assets.xcassets in Resources */ = {isa = PBXBuildFile; fileRef = 516A22141FF62389004AEF95 /* Assets.xcassets */; };
		516A22181FF62389004AEF95 /* LaunchScreen.storyboard in Resources */ = {isa = PBXBuildFile; fileRef = 516A22161FF62389004AEF95 /* LaunchScreen.storyboard */; };
		516A22231FF62389004AEF95 /* BGDuuregTests.swift in Sources */ = {isa = PBXBuildFile; fileRef = 516A22221FF62389004AEF95 /* BGDuuregTests.swift */; };
		516A222E1FF62389004AEF95 /* BGDuuregUITests.swift in Sources */ = {isa = PBXBuildFile; fileRef = 516A222D1FF62389004AEF95 /* BGDuuregUITests.swift */; };
		516A223D1FF6374C004AEF95 /* AbstractViewController.swift in Sources */ = {isa = PBXBuildFile; fileRef = 516A223C1FF6374C004AEF95 /* AbstractViewController.swift */; };
		516A22411FF6384B004AEF95 /* LeftMenuViewController.swift in Sources */ = {isa = PBXBuildFile; fileRef = 516A223F1FF6384A004AEF95 /* LeftMenuViewController.swift */; };
		516A22421FF6384B004AEF95 /* LeftMenuCell.swift in Sources */ = {isa = PBXBuildFile; fileRef = 516A22401FF6384B004AEF95 /* LeftMenuCell.swift */; };
		516A22461FF63881004AEF95 /* MainTabBarController.swift in Sources */ = {isa = PBXBuildFile; fileRef = 516A22451FF63881004AEF95 /* MainTabBarController.swift */; };
		516A224C1FF63C5A004AEF95 /* NewsViewController.swift in Sources */ = {isa = PBXBuildFile; fileRef = 516A224B1FF63C5A004AEF95 /* NewsViewController.swift */; };
		516A224E1FF63C74004AEF95 /* FeedbackViewController.swift in Sources */ = {isa = PBXBuildFile; fileRef = 516A224D1FF63C74004AEF95 /* FeedbackViewController.swift */; };
		516A22501FF63C82004AEF95 /* ServiceViewController.swift in Sources */ = {isa = PBXBuildFile; fileRef = 516A224F1FF63C82004AEF95 /* ServiceViewController.swift */; };
		516A22521FF63C90004AEF95 /* HoroodViewController.swift in Sources */ = {isa = PBXBuildFile; fileRef = 516A22511FF63C90004AEF95 /* HoroodViewController.swift */; };
		516A22551FF64A7C004AEF95 /* Const.swift in Sources */ = {isa = PBXBuildFile; fileRef = 516A22541FF64A7C004AEF95 /* Const.swift */; };
		51761BA420147F110022CFC5 /* MenuBar.swift in Sources */ = {isa = PBXBuildFile; fileRef = 51761BA320147F110022CFC5 /* MenuBar.swift */; };
		51761BA620147F7D0022CFC5 /* Extensions.swift in Sources */ = {isa = PBXBuildFile; fileRef = 51761BA520147F7D0022CFC5 /* Extensions.swift */; };
		517AD7062146709600BA4475 /* NewsCollectionInCell.swift in Sources */ = {isa = PBXBuildFile; fileRef = 517AD7052146709600BA4475 /* NewsCollectionInCell.swift */; };
		51AF2A7E2000E77C00D57341 /* NewTableViewCell.swift in Sources */ = {isa = PBXBuildFile; fileRef = 51AF2A7D2000E77C00D57341 /* NewTableViewCell.swift */; };
		51D0DC5121F603D900343EE1 /* UIPlaceHolderTextView.m in Sources */ = {isa = PBXBuildFile; fileRef = 51D0DC5021F603D900343EE1 /* UIPlaceHolderTextView.m */; };
		CB3BB01CDD8421483642D3A7 /* Pods_BGDuureg.framework in Frameworks */ = {isa = PBXBuildFile; fileRef = 7E046E0BFE5DC595DA031718 /* Pods_BGDuureg.framework */; };
/* End PBXBuildFile section */

/* Begin PBXContainerItemProxy section */
		516A221F1FF62389004AEF95 /* PBXContainerItemProxy */ = {
			isa = PBXContainerItemProxy;
			containerPortal = 516A22021FF62389004AEF95 /* Project object */;
			proxyType = 1;
			remoteGlobalIDString = 516A22091FF62389004AEF95;
			remoteInfo = BGDuureg;
		};
		516A222A1FF62389004AEF95 /* PBXContainerItemProxy */ = {
			isa = PBXContainerItemProxy;
			containerPortal = 516A22021FF62389004AEF95 /* Project object */;
			proxyType = 1;
			remoteGlobalIDString = 516A22091FF62389004AEF95;
			remoteInfo = BGDuureg;
		};
/* End PBXContainerItemProxy section */

/* Begin PBXFileReference section */
		33E7CC8700CE80494DEB76F4 /* Pods-BGDuureg.release.xcconfig */ = {isa = PBXFileReference; includeInIndex = 1; lastKnownFileType = text.xcconfig; name = "Pods-BGDuureg.release.xcconfig"; path = "Pods/Target Support Files/Pods-BGDuureg/Pods-BGDuureg.release.xcconfig"; sourceTree = "<group>"; };
		33F417F2040C33F6253BF2C5 /* Pods-BGDuureg.debug.xcconfig */ = {isa = PBXFileReference; includeInIndex = 1; lastKnownFileType = text.xcconfig; name = "Pods-BGDuureg.debug.xcconfig"; path = "Pods/Target Support Files/Pods-BGDuureg/Pods-BGDuureg.debug.xcconfig"; sourceTree = "<group>"; };
		5103BE191FF65B5C002B1C13 /* BGDuureg-Bridging-Header.h */ = {isa = PBXFileReference; fileEncoding = 4; lastKnownFileType = sourcecode.c.h; path = "BGDuureg-Bridging-Header.h"; sourceTree = "<group>"; };
		5103BE1A1FF65BA1002B1C13 /* MFSideMenuShadow.h */ = {isa = PBXFileReference; fileEncoding = 4; lastKnownFileType = sourcecode.c.h; path = MFSideMenuShadow.h; sourceTree = "<group>"; };
		5103BE1B1FF65BA1002B1C13 /* MFSideMenuShadow.m */ = {isa = PBXFileReference; fileEncoding = 4; lastKnownFileType = sourcecode.c.objc; path = MFSideMenuShadow.m; sourceTree = "<group>"; };
		5103BE1C1FF65BA1002B1C13 /* MFSideMenu.h */ = {isa = PBXFileReference; fileEncoding = 4; lastKnownFileType = sourcecode.c.h; path = MFSideMenu.h; sourceTree = "<group>"; };
		5103BE1D1FF65BA1002B1C13 /* MFSideMenuContainerViewController.m */ = {isa = PBXFileReference; fileEncoding = 4; lastKnownFileType = sourcecode.c.objc; path = MFSideMenuContainerViewController.m; sourceTree = "<group>"; };
		5103BE1E1FF65BA1002B1C13 /* MFSideMenuContainerViewController.h */ = {isa = PBXFileReference; fileEncoding = 4; lastKnownFileType = sourcecode.c.h; path = MFSideMenuContainerViewController.h; sourceTree = "<group>"; };
		5103BE1F1FF65BA1002B1C13 /* UIViewController+MFSideMenuAdditions.m */ = {isa = PBXFileReference; fileEncoding = 4; lastKnownFileType = sourcecode.c.objc; path = "UIViewController+MFSideMenuAdditions.m"; sourceTree = "<group>"; };
		5103BE201FF65BA1002B1C13 /* UIViewController+MFSideMenuAdditions.h */ = {isa = PBXFileReference; fileEncoding = 4; lastKnownFileType = sourcecode.c.h; path = "UIViewController+MFSideMenuAdditions.h"; sourceTree = "<group>"; };
		5103BE2C1FF65C65002B1C13 /* HexColor */ = {isa = PBXFileReference; lastKnownFileType = folder; path = HexColor; sourceTree = "<group>"; };
		5103BE2E1FF66150002B1C13 /* SwiftHEXColors.swift */ = {isa = PBXFileReference; fileEncoding = 4; lastKnownFileType = sourcecode.swift; path = SwiftHEXColors.swift; sourceTree = "<group>"; };
		51046AE3205F9D9E00F55BDB /* HorooDetialViewController.swift */ = {isa = PBXFileReference; lastKnownFileType = sourcecode.swift; path = HorooDetialViewController.swift; sourceTree = "<group>"; };
		51214F2B2146037F00DC031D /* IntroViewController.swift */ = {isa = PBXFileReference; lastKnownFileType = sourcecode.swift; path = IntroViewController.swift; sourceTree = "<group>"; };
		51215562218EB95800BFC038 /* SideTableViewCell.swift */ = {isa = PBXFileReference; lastKnownFileType = sourcecode.swift; path = SideTableViewCell.swift; sourceTree = "<group>"; };
		51215564218EBE0D00BFC038 /* SideItem.swift */ = {isa = PBXFileReference; lastKnownFileType = sourcecode.swift; path = SideItem.swift; sourceTree = "<group>"; };
		51215566218ED04400BFC038 /* PdfViewController.swift */ = {isa = PBXFileReference; lastKnownFileType = sourcecode.swift; path = PdfViewController.swift; sourceTree = "<group>"; };
		5123DA0C2192F07E00C28ACE /* NewsItem.swift */ = {isa = PBXFileReference; lastKnownFileType = sourcecode.swift; path = NewsItem.swift; sourceTree = "<group>"; };
		5123DA0E219303AD00C28ACE /* PhotoViewCollectionInCell.swift */ = {isa = PBXFileReference; lastKnownFileType = sourcecode.swift; path = PhotoViewCollectionInCell.swift; sourceTree = "<group>"; };
		5123DA102193043C00C28ACE /* VideoCollectionInCell.swift */ = {isa = PBXFileReference; lastKnownFileType = sourcecode.swift; path = VideoCollectionInCell.swift; sourceTree = "<group>"; };
		5123DA152193086500C28ACE /* NewsDetailViewController.swift */ = {isa = PBXFileReference; lastKnownFileType = sourcecode.swift; path = NewsDetailViewController.swift; sourceTree = "<group>"; };
		5123DA1721930B5500C28ACE /* DetailItem.swift */ = {isa = PBXFileReference; lastKnownFileType = sourcecode.swift; path = DetailItem.swift; sourceTree = "<group>"; };
		51250F2621553A48006BE32D /* ServiceDetailController.swift */ = {isa = PBXFileReference; lastKnownFileType = sourcecode.swift; path = ServiceDetailController.swift; sourceTree = "<group>"; };
		51250F2921554496006BE32D /* SideViewController.swift */ = {isa = PBXFileReference; lastKnownFileType = sourcecode.swift; path = SideViewController.swift; sourceTree = "<group>"; };
		512F2B0E20BBE432003CA2FA /* FeedSendViewController.swift */ = {isa = PBXFileReference; lastKnownFileType = sourcecode.swift; path = FeedSendViewController.swift; sourceTree = "<group>"; };
		512F2B1420BBF323003CA2FA /* Utils.swift */ = {isa = PBXFileReference; lastKnownFileType = sourcecode.swift; path = Utils.swift; sourceTree = "<group>"; };
		513CD56A21569963002E8C6F /* OntslohCollectionViewCell.swift */ = {isa = PBXFileReference; lastKnownFileType = sourcecode.swift; path = OntslohCollectionViewCell.swift; sourceTree = "<group>"; };
		513CD56C2156A306002E8C6F /* OntslohCollectionView.swift */ = {isa = PBXFileReference; lastKnownFileType = sourcecode.swift; path = OntslohCollectionView.swift; sourceTree = "<group>"; };
		516645C11FFE6B27007AA98B /* TabItem.swift */ = {isa = PBXFileReference; lastKnownFileType = sourcecode.swift; path = TabItem.swift; sourceTree = "<group>"; };
		516A220A1FF62389004AEF95 /* BGDuureg.app */ = {isa = PBXFileReference; explicitFileType = wrapper.application; includeInIndex = 0; path = BGDuureg.app; sourceTree = BUILT_PRODUCTS_DIR; };
		516A220D1FF62389004AEF95 /* AppDelegate.swift */ = {isa = PBXFileReference; lastKnownFileType = sourcecode.swift; path = AppDelegate.swift; sourceTree = "<group>"; };
		516A220F1FF62389004AEF95 /* ViewController.swift */ = {isa = PBXFileReference; lastKnownFileType = sourcecode.swift; path = ViewController.swift; sourceTree = "<group>"; };
		516A22121FF62389004AEF95 /* Base */ = {isa = PBXFileReference; lastKnownFileType = file.storyboard; name = Base; path = Base.lproj/Main.storyboard; sourceTree = "<group>"; };
		516A22141FF62389004AEF95 /* Assets.xcassets */ = {isa = PBXFileReference; lastKnownFileType = folder.assetcatalog; path = Assets.xcassets; sourceTree = "<group>"; };
		516A22171FF62389004AEF95 /* Base */ = {isa = PBXFileReference; lastKnownFileType = file.storyboard; name = Base; path = Base.lproj/LaunchScreen.storyboard; sourceTree = "<group>"; };
		516A22191FF62389004AEF95 /* Info.plist */ = {isa = PBXFileReference; lastKnownFileType = text.plist.xml; path = Info.plist; sourceTree = "<group>"; };
		516A221E1FF62389004AEF95 /* BGDuuregTests.xctest */ = {isa = PBXFileReference; explicitFileType = wrapper.cfbundle; includeInIndex = 0; path = BGDuuregTests.xctest; sourceTree = BUILT_PRODUCTS_DIR; };
		516A22221FF62389004AEF95 /* BGDuuregTests.swift */ = {isa = PBXFileReference; lastKnownFileType = sourcecode.swift; path = BGDuuregTests.swift; sourceTree = "<group>"; };
		516A22241FF62389004AEF95 /* Info.plist */ = {isa = PBXFileReference; lastKnownFileType = text.plist.xml; path = Info.plist; sourceTree = "<group>"; };
		516A22291FF62389004AEF95 /* BGDuuregUITests.xctest */ = {isa = PBXFileReference; explicitFileType = wrapper.cfbundle; includeInIndex = 0; path = BGDuuregUITests.xctest; sourceTree = BUILT_PRODUCTS_DIR; };
		516A222D1FF62389004AEF95 /* BGDuuregUITests.swift */ = {isa = PBXFileReference; lastKnownFileType = sourcecode.swift; path = BGDuuregUITests.swift; sourceTree = "<group>"; };
		516A222F1FF62389004AEF95 /* Info.plist */ = {isa = PBXFileReference; lastKnownFileType = text.plist.xml; path = Info.plist; sourceTree = "<group>"; };
		516A223C1FF6374C004AEF95 /* AbstractViewController.swift */ = {isa = PBXFileReference; lastKnownFileType = sourcecode.swift; path = AbstractViewController.swift; sourceTree = "<group>"; };
		516A223F1FF6384A004AEF95 /* LeftMenuViewController.swift */ = {isa = PBXFileReference; fileEncoding = 4; lastKnownFileType = sourcecode.swift; path = LeftMenuViewController.swift; sourceTree = "<group>"; };
		516A22401FF6384B004AEF95 /* LeftMenuCell.swift */ = {isa = PBXFileReference; fileEncoding = 4; lastKnownFileType = sourcecode.swift; path = LeftMenuCell.swift; sourceTree = "<group>"; };
		516A22451FF63881004AEF95 /* MainTabBarController.swift */ = {isa = PBXFileReference; fileEncoding = 4; lastKnownFileType = sourcecode.swift; path = MainTabBarController.swift; sourceTree = "<group>"; };
		516A224B1FF63C5A004AEF95 /* NewsViewController.swift */ = {isa = PBXFileReference; lastKnownFileType = sourcecode.swift; path = NewsViewController.swift; sourceTree = "<group>"; };
		516A224D1FF63C74004AEF95 /* FeedbackViewController.swift */ = {isa = PBXFileReference; lastKnownFileType = sourcecode.swift; path = FeedbackViewController.swift; sourceTree = "<group>"; };
		516A224F1FF63C82004AEF95 /* ServiceViewController.swift */ = {isa = PBXFileReference; lastKnownFileType = sourcecode.swift; path = ServiceViewController.swift; sourceTree = "<group>"; };
		516A22511FF63C90004AEF95 /* HoroodViewController.swift */ = {isa = PBXFileReference; lastKnownFileType = sourcecode.swift; path = HoroodViewController.swift; sourceTree = "<group>"; };
		516A22541FF64A7C004AEF95 /* Const.swift */ = {isa = PBXFileReference; lastKnownFileType = sourcecode.swift; path = Const.swift; sourceTree = "<group>"; };
		51761BA320147F110022CFC5 /* MenuBar.swift */ = {isa = PBXFileReference; lastKnownFileType = sourcecode.swift; path = MenuBar.swift; sourceTree = "<group>"; };
		51761BA520147F7D0022CFC5 /* Extensions.swift */ = {isa = PBXFileReference; lastKnownFileType = sourcecode.swift; path = Extensions.swift; sourceTree = "<group>"; };
		517AD7052146709600BA4475 /* NewsCollectionInCell.swift */ = {isa = PBXFileReference; lastKnownFileType = sourcecode.swift; path = NewsCollectionInCell.swift; sourceTree = "<group>"; };
		51AF2A7D2000E77C00D57341 /* NewTableViewCell.swift */ = {isa = PBXFileReference; lastKnownFileType = sourcecode.swift; path = NewTableViewCell.swift; sourceTree = "<group>"; };
		51D0DC4F21F603D900343EE1 /* UIPlaceHolderTextView.h */ = {isa = PBXFileReference; fileEncoding = 4; lastKnownFileType = sourcecode.c.h; path = UIPlaceHolderTextView.h; sourceTree = "<group>"; };
		51D0DC5021F603D900343EE1 /* UIPlaceHolderTextView.m */ = {isa = PBXFileReference; fileEncoding = 4; lastKnownFileType = sourcecode.c.objc; path = UIPlaceHolderTextView.m; sourceTree = "<group>"; };
		7E046E0BFE5DC595DA031718 /* Pods_BGDuureg.framework */ = {isa = PBXFileReference; explicitFileType = wrapper.framework; includeInIndex = 0; path = Pods_BGDuureg.framework; sourceTree = BUILT_PRODUCTS_DIR; };
/* End PBXFileReference section */

/* Begin PBXFrameworksBuildPhase section */
		516A22071FF62389004AEF95 /* Frameworks */ = {
			isa = PBXFrameworksBuildPhase;
			buildActionMask = 2147483647;
			files = (
				CB3BB01CDD8421483642D3A7 /* Pods_BGDuureg.framework in Frameworks */,
			);
			runOnlyForDeploymentPostprocessing = 0;
		};
		516A221B1FF62389004AEF95 /* Frameworks */ = {
			isa = PBXFrameworksBuildPhase;
			buildActionMask = 2147483647;
			files = (
			);
			runOnlyForDeploymentPostprocessing = 0;
		};
		516A22261FF62389004AEF95 /* Frameworks */ = {
			isa = PBXFrameworksBuildPhase;
			buildActionMask = 2147483647;
			files = (
			);
			runOnlyForDeploymentPostprocessing = 0;
		};
/* End PBXFrameworksBuildPhase section */

/* Begin PBXGroup section */
		2B53D2B6B690C0E23530FA2A /* Frameworks */ = {
			isa = PBXGroup;
			children = (
				7E046E0BFE5DC595DA031718 /* Pods_BGDuureg.framework */,
			);
			name = Frameworks;
			sourceTree = "<group>";
		};
		5103BE0E1FF65B20002B1C13 /* SideMenu */ = {
			isa = PBXGroup;
			children = (
				5103BE1C1FF65BA1002B1C13 /* MFSideMenu.h */,
				5103BE1E1FF65BA1002B1C13 /* MFSideMenuContainerViewController.h */,
				5103BE1D1FF65BA1002B1C13 /* MFSideMenuContainerViewController.m */,
				5103BE1A1FF65BA1002B1C13 /* MFSideMenuShadow.h */,
				5103BE1B1FF65BA1002B1C13 /* MFSideMenuShadow.m */,
				5103BE201FF65BA1002B1C13 /* UIViewController+MFSideMenuAdditions.h */,
				5103BE1F1FF65BA1002B1C13 /* UIViewController+MFSideMenuAdditions.m */,
			);
			path = SideMenu;
			sourceTree = "<group>";
		};
		51214F2A2146035E00DC031D /* IntroViews */ = {
			isa = PBXGroup;
			children = (
				51214F2B2146037F00DC031D /* IntroViewController.swift */,
			);
			path = IntroViews;
			sourceTree = "<group>";
		};
		5123DA122193048800C28ACE /* MainFourCell */ = {
			isa = PBXGroup;
			children = (
				5123DA142193083E00C28ACE /* detail */,
				5123DA0E219303AD00C28ACE /* PhotoViewCollectionInCell.swift */,
				513CD56C2156A306002E8C6F /* OntslohCollectionView.swift */,
				5123DA102193043C00C28ACE /* VideoCollectionInCell.swift */,
				517AD7052146709600BA4475 /* NewsCollectionInCell.swift */,
			);
			path = MainFourCell;
			sourceTree = "<group>";
		};
		5123DA13219304B800C28ACE /* Cells */ = {
			isa = PBXGroup;
			children = (
				513CD56A21569963002E8C6F /* OntslohCollectionViewCell.swift */,
				51AF2A7D2000E77C00D57341 /* NewTableViewCell.swift */,
			);
			path = Cells;
			sourceTree = "<group>";
		};
		5123DA142193083E00C28ACE /* detail */ = {
			isa = PBXGroup;
			children = (
				51215566218ED04400BFC038 /* PdfViewController.swift */,
				5123DA152193086500C28ACE /* NewsDetailViewController.swift */,
			);
			path = detail;
			sourceTree = "<group>";
		};
		51250F282155447C006BE32D /* Others */ = {
			isa = PBXGroup;
			children = (
				51250F2921554496006BE32D /* SideViewController.swift */,
				51215562218EB95800BFC038 /* SideTableViewCell.swift */,
			);
			path = Others;
			sourceTree = "<group>";
		};
		516645C01FFE6B0D007AA98B /* Items */ = {
			isa = PBXGroup;
			children = (
				516645C11FFE6B27007AA98B /* TabItem.swift */,
				51215564218EBE0D00BFC038 /* SideItem.swift */,
				5123DA0C2192F07E00C28ACE /* NewsItem.swift */,
				5123DA1721930B5500C28ACE /* DetailItem.swift */,
			);
			path = Items;
			sourceTree = "<group>";
		};
		516A22011FF62389004AEF95 = {
			isa = PBXGroup;
			children = (
				516A220C1FF62389004AEF95 /* BGDuureg */,
				516A22211FF62389004AEF95 /* BGDuuregTests */,
				516A222C1FF62389004AEF95 /* BGDuuregUITests */,
				516A220B1FF62389004AEF95 /* Products */,
				B8571AFDE85E6B403F008CB6 /* Pods */,
				2B53D2B6B690C0E23530FA2A /* Frameworks */,
			);
			sourceTree = "<group>";
		};
		516A220B1FF62389004AEF95 /* Products */ = {
			isa = PBXGroup;
			children = (
				516A220A1FF62389004AEF95 /* BGDuureg.app */,
				516A221E1FF62389004AEF95 /* BGDuuregTests.xctest */,
				516A22291FF62389004AEF95 /* BGDuuregUITests.xctest */,
			);
			name = Products;
			sourceTree = "<group>";
		};
		516A220C1FF62389004AEF95 /* BGDuureg */ = {
			isa = PBXGroup;
			children = (
				516A22561FF64EFF004AEF95 /* Controller */,
				516A22531FF64A6A004AEF95 /* SupportigFile */,
				516A223B1FF62A64004AEF95 /* ViewController */,
				516A220D1FF62389004AEF95 /* AppDelegate.swift */,
				5123DA13219304B800C28ACE /* Cells */,
				516A220F1FF62389004AEF95 /* ViewController.swift */,
				516A22111FF62389004AEF95 /* Main.storyboard */,
				516A22141FF62389004AEF95 /* Assets.xcassets */,
				5103BE191FF65B5C002B1C13 /* BGDuureg-Bridging-Header.h */,
				516A22161FF62389004AEF95 /* LaunchScreen.storyboard */,
				516A22191FF62389004AEF95 /* Info.plist */,
			);
			path = BGDuureg;
			sourceTree = "<group>";
		};
		516A22211FF62389004AEF95 /* BGDuuregTests */ = {
			isa = PBXGroup;
			children = (
				516A22221FF62389004AEF95 /* BGDuuregTests.swift */,
				516A22241FF62389004AEF95 /* Info.plist */,
			);
			path = BGDuuregTests;
			sourceTree = "<group>";
		};
		516A222C1FF62389004AEF95 /* BGDuuregUITests */ = {
			isa = PBXGroup;
			children = (
				516A222D1FF62389004AEF95 /* BGDuuregUITests.swift */,
				516A222F1FF62389004AEF95 /* Info.plist */,
			);
			path = BGDuuregUITests;
			sourceTree = "<group>";
		};
		516A223B1FF62A64004AEF95 /* ViewController */ = {
			isa = PBXGroup;
			children = (
				51214F2A2146035E00DC031D /* IntroViews */,
				516645C01FFE6B0D007AA98B /* Items */,
				516A223C1FF6374C004AEF95 /* AbstractViewController.swift */,
				516A223E1FF6382A004AEF95 /* LeftMenuController */,
				516A22441FF63864004AEF95 /* SideMenu */,
			);
			path = ViewController;
			sourceTree = "<group>";
		};
		516A223E1FF6382A004AEF95 /* LeftMenuController */ = {
			isa = PBXGroup;
			children = (
				516A22401FF6384B004AEF95 /* LeftMenuCell.swift */,
				516A223F1FF6384A004AEF95 /* LeftMenuViewController.swift */,
			);
			path = LeftMenuController;
			sourceTree = "<group>";
		};
		516A22441FF63864004AEF95 /* SideMenu */ = {
			isa = PBXGroup;
			children = (
				51250F282155447C006BE32D /* Others */,
				516A22451FF63881004AEF95 /* MainTabBarController.swift */,
				5123DA122193048800C28ACE /* MainFourCell */,
				516A22471FF63BD9004AEF95 /* NewsViewController */,
				516A224A1FF63C0B004AEF95 /* FeedbackController */,
				516A22481FF63BE7004AEF95 /* ServiceController */,
				516A22491FF63BFA004AEF95 /* HoroodController */,
			);
			path = SideMenu;
			sourceTree = "<group>";
		};
		516A22471FF63BD9004AEF95 /* NewsViewController */ = {
			isa = PBXGroup;
			children = (
				51761BA320147F110022CFC5 /* MenuBar.swift */,
				516A224B1FF63C5A004AEF95 /* NewsViewController.swift */,
			);
			path = NewsViewController;
			sourceTree = "<group>";
		};
		516A22481FF63BE7004AEF95 /* ServiceController */ = {
			isa = PBXGroup;
			children = (
				516A224F1FF63C82004AEF95 /* ServiceViewController.swift */,
				51250F2621553A48006BE32D /* ServiceDetailController.swift */,
			);
			path = ServiceController;
			sourceTree = "<group>";
		};
		516A22491FF63BFA004AEF95 /* HoroodController */ = {
			isa = PBXGroup;
			children = (
				516A22511FF63C90004AEF95 /* HoroodViewController.swift */,
			);
			path = HoroodController;
			sourceTree = "<group>";
		};
		516A224A1FF63C0B004AEF95 /* FeedbackController */ = {
			isa = PBXGroup;
			children = (
				516A224D1FF63C74004AEF95 /* FeedbackViewController.swift */,
				51046AE3205F9D9E00F55BDB /* HorooDetialViewController.swift */,
				512F2B0E20BBE432003CA2FA /* FeedSendViewController.swift */,
			);
			path = FeedbackController;
			sourceTree = "<group>";
		};
		516A22531FF64A6A004AEF95 /* SupportigFile */ = {
			isa = PBXGroup;
			children = (
				5103BE2E1FF66150002B1C13 /* SwiftHEXColors.swift */,
				516A22541FF64A7C004AEF95 /* Const.swift */,
				51761BA520147F7D0022CFC5 /* Extensions.swift */,
				512F2B1420BBF323003CA2FA /* Utils.swift */,
			);
			path = SupportigFile;
			sourceTree = "<group>";
		};
		516A22561FF64EFF004AEF95 /* Controller */ = {
			isa = PBXGroup;
			children = (
				51D0DC4B21F6036400343EE1 /* PlaceHolderTextView */,
				5103BE2C1FF65C65002B1C13 /* HexColor */,
				5103BE0E1FF65B20002B1C13 /* SideMenu */,
			);
			path = Controller;
			sourceTree = "<group>";
		};
		51D0DC4B21F6036400343EE1 /* PlaceHolderTextView */ = {
			isa = PBXGroup;
			children = (
				51D0DC4F21F603D900343EE1 /* UIPlaceHolderTextView.h */,
				51D0DC5021F603D900343EE1 /* UIPlaceHolderTextView.m */,
			);
			name = PlaceHolderTextView;
			path = PlaceHolderTexView;
			sourceTree = "<group>";
		};
		B8571AFDE85E6B403F008CB6 /* Pods */ = {
			isa = PBXGroup;
			children = (
				33F417F2040C33F6253BF2C5 /* Pods-BGDuureg.debug.xcconfig */,
				33E7CC8700CE80494DEB76F4 /* Pods-BGDuureg.release.xcconfig */,
			);
			name = Pods;
			sourceTree = "<group>";
		};
/* End PBXGroup section */

/* Begin PBXNativeTarget section */
		516A22091FF62389004AEF95 /* BGDuureg */ = {
			isa = PBXNativeTarget;
			buildConfigurationList = 516A22321FF62389004AEF95 /* Build configuration list for PBXNativeTarget "BGDuureg" */;
			buildPhases = (
				CB8EE3994C24A4CB07C34167 /* [CP] Check Pods Manifest.lock */,
				516A22061FF62389004AEF95 /* Sources */,
				516A22071FF62389004AEF95 /* Frameworks */,
				516A22081FF62389004AEF95 /* Resources */,
				93676FF868DF6BA06DA0AFD6 /* [CP] Embed Pods Frameworks */,
			);
			buildRules = (
			);
			dependencies = (
			);
			name = BGDuureg;
			productName = BGDuureg;
			productReference = 516A220A1FF62389004AEF95 /* BGDuureg.app */;
			productType = "com.apple.product-type.application";
		};
		516A221D1FF62389004AEF95 /* BGDuuregTests */ = {
			isa = PBXNativeTarget;
			buildConfigurationList = 516A22351FF62389004AEF95 /* Build configuration list for PBXNativeTarget "BGDuuregTests" */;
			buildPhases = (
				516A221A1FF62389004AEF95 /* Sources */,
				516A221B1FF62389004AEF95 /* Frameworks */,
				516A221C1FF62389004AEF95 /* Resources */,
			);
			buildRules = (
			);
			dependencies = (
				516A22201FF62389004AEF95 /* PBXTargetDependency */,
			);
			name = BGDuuregTests;
			productName = BGDuuregTests;
			productReference = 516A221E1FF62389004AEF95 /* BGDuuregTests.xctest */;
			productType = "com.apple.product-type.bundle.unit-test";
		};
		516A22281FF62389004AEF95 /* BGDuuregUITests */ = {
			isa = PBXNativeTarget;
			buildConfigurationList = 516A22381FF62389004AEF95 /* Build configuration list for PBXNativeTarget "BGDuuregUITests" */;
			buildPhases = (
				516A22251FF62389004AEF95 /* Sources */,
				516A22261FF62389004AEF95 /* Frameworks */,
				516A22271FF62389004AEF95 /* Resources */,
			);
			buildRules = (
			);
			dependencies = (
				516A222B1FF62389004AEF95 /* PBXTargetDependency */,
			);
			name = BGDuuregUITests;
			productName = BGDuuregUITests;
			productReference = 516A22291FF62389004AEF95 /* BGDuuregUITests.xctest */;
			productType = "com.apple.product-type.bundle.ui-testing";
		};
/* End PBXNativeTarget section */

/* Begin PBXProject section */
		516A22021FF62389004AEF95 /* Project object */ = {
			isa = PBXProject;
			attributes = {
				LastSwiftUpdateCheck = 0920;
				LastUpgradeCheck = 0920;
				ORGANIZATIONNAME = "Bolorkhuu Narantsetseg";
				TargetAttributes = {
					516A22091FF62389004AEF95 = {
						CreatedOnToolsVersion = 9.2;
						LastSwiftMigration = 0920;
						ProvisioningStyle = Automatic;
					};
					516A221D1FF62389004AEF95 = {
						CreatedOnToolsVersion = 9.2;
						ProvisioningStyle = Automatic;
						TestTargetID = 516A22091FF62389004AEF95;
					};
					516A22281FF62389004AEF95 = {
						CreatedOnToolsVersion = 9.2;
						ProvisioningStyle = Automatic;
						TestTargetID = 516A22091FF62389004AEF95;
					};
				};
			};
			buildConfigurationList = 516A22051FF62389004AEF95 /* Build configuration list for PBXProject "BGDuureg" */;
			compatibilityVersion = "Xcode 8.0";
			developmentRegion = en;
			hasScannedForEncodings = 0;
			knownRegions = (
				en,
				Base,
			);
			mainGroup = 516A22011FF62389004AEF95;
			productRefGroup = 516A220B1FF62389004AEF95 /* Products */;
			projectDirPath = "";
			projectRoot = "";
			targets = (
				516A22091FF62389004AEF95 /* BGDuureg */,
				516A221D1FF62389004AEF95 /* BGDuuregTests */,
				516A22281FF62389004AEF95 /* BGDuuregUITests */,
			);
		};
/* End PBXProject section */

/* Begin PBXResourcesBuildPhase section */
		516A22081FF62389004AEF95 /* Resources */ = {
			isa = PBXResourcesBuildPhase;
			buildActionMask = 2147483647;
			files = (
				5103BE2D1FF65C65002B1C13 /* HexColor in Resources */,
				516A22181FF62389004AEF95 /* LaunchScreen.storyboard in Resources */,
				516A22151FF62389004AEF95 /* Assets.xcassets in Resources */,
				516A22131FF62389004AEF95 /* Main.storyboard in Resources */,
			);
			runOnlyForDeploymentPostprocessing = 0;
		};
		516A221C1FF62389004AEF95 /* Resources */ = {
			isa = PBXResourcesBuildPhase;
			buildActionMask = 2147483647;
			files = (
			);
			runOnlyForDeploymentPostprocessing = 0;
		};
		516A22271FF62389004AEF95 /* Resources */ = {
			isa = PBXResourcesBuildPhase;
			buildActionMask = 2147483647;
			files = (
			);
			runOnlyForDeploymentPostprocessing = 0;
		};
/* End PBXResourcesBuildPhase section */

/* Begin PBXShellScriptBuildPhase section */
		93676FF868DF6BA06DA0AFD6 /* [CP] Embed Pods Frameworks */ = {
			isa = PBXShellScriptBuildPhase;
			buildActionMask = 2147483647;
			files = (
			);
			inputPaths = (
				"${SRCROOT}/Pods/Target Support Files/Pods-BGDuureg/Pods-BGDuureg-frameworks.sh",
				"${BUILT_PRODUCTS_DIR}/AFNetworking/AFNetworking.framework",
				"${BUILT_PRODUCTS_DIR}/MBProgressHUD/MBProgressHUD.framework",
				"${BUILT_PRODUCTS_DIR}/SDWebImage/SDWebImage.framework",
				"${BUILT_PRODUCTS_DIR}/UIColor+Hex/UIColor_Hex.framework",
			);
			name = "[CP] Embed Pods Frameworks";
			outputPaths = (
				"${TARGET_BUILD_DIR}/${FRAMEWORKS_FOLDER_PATH}/AFNetworking.framework",
				"${TARGET_BUILD_DIR}/${FRAMEWORKS_FOLDER_PATH}/MBProgressHUD.framework",
				"${TARGET_BUILD_DIR}/${FRAMEWORKS_FOLDER_PATH}/SDWebImage.framework",
				"${TARGET_BUILD_DIR}/${FRAMEWORKS_FOLDER_PATH}/UIColor_Hex.framework",
			);
			runOnlyForDeploymentPostprocessing = 0;
			shellPath = /bin/sh;
			shellScript = "\"${SRCROOT}/Pods/Target Support Files/Pods-BGDuureg/Pods-BGDuureg-frameworks.sh\"\n";
			showEnvVarsInLog = 0;
		};
		CB8EE3994C24A4CB07C34167 /* [CP] Check Pods Manifest.lock */ = {
			isa = PBXShellScriptBuildPhase;
			buildActionMask = 2147483647;
			files = (
			);
			inputPaths = (
				"${PODS_PODFILE_DIR_PATH}/Podfile.lock",
				"${PODS_ROOT}/Manifest.lock",
			);
			name = "[CP] Check Pods Manifest.lock";
			outputPaths = (
				"$(DERIVED_FILE_DIR)/Pods-BGDuureg-checkManifestLockResult.txt",
			);
			runOnlyForDeploymentPostprocessing = 0;
			shellPath = /bin/sh;
			shellScript = "diff \"${PODS_PODFILE_DIR_PATH}/Podfile.lock\" \"${PODS_ROOT}/Manifest.lock\" > /dev/null\nif [ $? != 0 ] ; then\n    # print error to STDERR\n    echo \"error: The sandbox is not in sync with the Podfile.lock. Run 'pod install' or update your CocoaPods installation.\" >&2\n    exit 1\nfi\n# This output is used by Xcode 'outputs' to avoid re-running this script phase.\necho \"SUCCESS\" > \"${SCRIPT_OUTPUT_FILE_0}\"\n";
			showEnvVarsInLog = 0;
		};
/* End PBXShellScriptBuildPhase section */

/* Begin PBXSourcesBuildPhase section */
		516A22061FF62389004AEF95 /* Sources */ = {
			isa = PBXSourcesBuildPhase;
			buildActionMask = 2147483647;
			files = (
				51215563218EB95800BFC038 /* SideTableViewCell.swift in Sources */,
				513CD56B21569963002E8C6F /* OntslohCollectionViewCell.swift in Sources */,
				516A22101FF62389004AEF95 /* ViewController.swift in Sources */,
				516A223D1FF6374C004AEF95 /* AbstractViewController.swift in Sources */,
				516A22461FF63881004AEF95 /* MainTabBarController.swift in Sources */,
				512F2B0F20BBE432003CA2FA /* FeedSendViewController.swift in Sources */,
				516A224E1FF63C74004AEF95 /* FeedbackViewController.swift in Sources */,
				5103BE211FF65BA2002B1C13 /* MFSideMenuShadow.m in Sources */,
				516A22421FF6384B004AEF95 /* LeftMenuCell.swift in Sources */,
				5103BE2F1FF66150002B1C13 /* SwiftHEXColors.swift in Sources */,
				51761BA620147F7D0022CFC5 /* Extensions.swift in Sources */,
				51215567218ED04400BFC038 /* PdfViewController.swift in Sources */,
				516A224C1FF63C5A004AEF95 /* NewsViewController.swift in Sources */,
				516A22411FF6384B004AEF95 /* LeftMenuViewController.swift in Sources */,
				5123DA1821930B5500C28ACE /* DetailItem.swift in Sources */,
				513CD56D2156A306002E8C6F /* OntslohCollectionView.swift in Sources */,
				516A22521FF63C90004AEF95 /* HoroodViewController.swift in Sources */,
				51250F2721553A48006BE32D /* ServiceDetailController.swift in Sources */,
				5123DA112193043C00C28ACE /* VideoCollectionInCell.swift in Sources */,
				516A220E1FF62389004AEF95 /* AppDelegate.swift in Sources */,
				51D0DC5121F603D900343EE1 /* UIPlaceHolderTextView.m in Sources */,
				517AD7062146709600BA4475 /* NewsCollectionInCell.swift in Sources */,
				5123DA0D2192F07E00C28ACE /* NewsItem.swift in Sources */,
				5123DA0F219303AD00C28ACE /* PhotoViewCollectionInCell.swift in Sources */,
				516A22501FF63C82004AEF95 /* ServiceViewController.swift in Sources */,
				5103BE231FF65BA2002B1C13 /* UIViewController+MFSideMenuAdditions.m in Sources */,
				5123DA162193086500C28ACE /* NewsDetailViewController.swift in Sources */,
				51214F2C2146037F00DC031D /* IntroViewController.swift in Sources */,
				512F2B1520BBF323003CA2FA /* Utils.swift in Sources */,
				516A22551FF64A7C004AEF95 /* Const.swift in Sources */,
				51215565218EBE0D00BFC038 /* SideItem.swift in Sources */,
				51250F2A21554496006BE32D /* SideViewController.swift in Sources */,
				51046AE5205F9D9E00F55BDB /* HorooDetialViewController.swift in Sources */,
				51761BA420147F110022CFC5 /* MenuBar.swift in Sources */,
				516645C21FFE6B27007AA98B /* TabItem.swift in Sources */,
				51AF2A7E2000E77C00D57341 /* NewTableViewCell.swift in Sources */,
				5103BE221FF65BA2002B1C13 /* MFSideMenuContainerViewController.m in Sources */,
			);
			runOnlyForDeploymentPostprocessing = 0;
		};
		516A221A1FF62389004AEF95 /* Sources */ = {
			isa = PBXSourcesBuildPhase;
			buildActionMask = 2147483647;
			files = (
				516A22231FF62389004AEF95 /* BGDuuregTests.swift in Sources */,
			);
			runOnlyForDeploymentPostprocessing = 0;
		};
		516A22251FF62389004AEF95 /* Sources */ = {
			isa = PBXSourcesBuildPhase;
			buildActionMask = 2147483647;
			files = (
				516A222E1FF62389004AEF95 /* BGDuuregUITests.swift in Sources */,
			);
			runOnlyForDeploymentPostprocessing = 0;
		};
/* End PBXSourcesBuildPhase section */

/* Begin PBXTargetDependency section */
		516A22201FF62389004AEF95 /* PBXTargetDependency */ = {
			isa = PBXTargetDependency;
			target = 516A22091FF62389004AEF95 /* BGDuureg */;
			targetProxy = 516A221F1FF62389004AEF95 /* PBXContainerItemProxy */;
		};
		516A222B1FF62389004AEF95 /* PBXTargetDependency */ = {
			isa = PBXTargetDependency;
			target = 516A22091FF62389004AEF95 /* BGDuureg */;
			targetProxy = 516A222A1FF62389004AEF95 /* PBXContainerItemProxy */;
		};
/* End PBXTargetDependency section */

/* Begin PBXVariantGroup section */
		516A22111FF62389004AEF95 /* Main.storyboard */ = {
			isa = PBXVariantGroup;
			children = (
				516A22121FF62389004AEF95 /* Base */,
			);
			name = Main.storyboard;
			sourceTree = "<group>";
		};
		516A22161FF62389004AEF95 /* LaunchScreen.storyboard */ = {
			isa = PBXVariantGroup;
			children = (
				516A22171FF62389004AEF95 /* Base */,
			);
			name = LaunchScreen.storyboard;
			sourceTree = "<group>";
		};
/* End PBXVariantGroup section */

/* Begin XCBuildConfiguration section */
		516A22301FF62389004AEF95 /* Debug */ = {
			isa = XCBuildConfiguration;
			buildSettings = {
				ALWAYS_SEARCH_USER_PATHS = NO;
				CLANG_ANALYZER_NONNULL = YES;
				CLANG_ANALYZER_NUMBER_OBJECT_CONVERSION = YES_AGGRESSIVE;
				CLANG_CXX_LANGUAGE_STANDARD = "gnu++14";
				CLANG_CXX_LIBRARY = "libc++";
				CLANG_ENABLE_MODULES = YES;
				CLANG_ENABLE_OBJC_ARC = YES;
				CLANG_WARN_BLOCK_CAPTURE_AUTORELEASING = YES;
				CLANG_WARN_BOOL_CONVERSION = YES;
				CLANG_WARN_COMMA = YES;
				CLANG_WARN_CONSTANT_CONVERSION = YES;
				CLANG_WARN_DIRECT_OBJC_ISA_USAGE = YES_ERROR;
				CLANG_WARN_DOCUMENTATION_COMMENTS = YES;
				CLANG_WARN_EMPTY_BODY = YES;
				CLANG_WARN_ENUM_CONVERSION = YES;
				CLANG_WARN_INFINITE_RECURSION = YES;
				CLANG_WARN_INT_CONVERSION = YES;
				CLANG_WARN_NON_LITERAL_NULL_CONVERSION = YES;
				CLANG_WARN_OBJC_LITERAL_CONVERSION = YES;
				CLANG_WARN_OBJC_ROOT_CLASS = YES_ERROR;
				CLANG_WARN_RANGE_LOOP_ANALYSIS = YES;
				CLANG_WARN_STRICT_PROTOTYPES = YES;
				CLANG_WARN_SUSPICIOUS_MOVE = YES;
				CLANG_WARN_UNGUARDED_AVAILABILITY = YES_AGGRESSIVE;
				CLANG_WARN_UNREACHABLE_CODE = YES;
				CLANG_WARN__DUPLICATE_METHOD_MATCH = YES;
				CODE_SIGN_IDENTITY = "iPhone Developer";
				COPY_PHASE_STRIP = NO;
				DEBUG_INFORMATION_FORMAT = dwarf;
				ENABLE_STRICT_OBJC_MSGSEND = YES;
				ENABLE_TESTABILITY = YES;
				GCC_C_LANGUAGE_STANDARD = gnu11;
				GCC_DYNAMIC_NO_PIC = NO;
				GCC_NO_COMMON_BLOCKS = YES;
				GCC_OPTIMIZATION_LEVEL = 0;
				GCC_PREPROCESSOR_DEFINITIONS = (
					"DEBUG=1",
					"$(inherited)",
				);
				GCC_WARN_64_TO_32_BIT_CONVERSION = YES;
				GCC_WARN_ABOUT_RETURN_TYPE = YES_ERROR;
				GCC_WARN_UNDECLARED_SELECTOR = YES;
				GCC_WARN_UNINITIALIZED_AUTOS = YES_AGGRESSIVE;
				GCC_WARN_UNUSED_FUNCTION = YES;
				GCC_WARN_UNUSED_VARIABLE = YES;
				IPHONEOS_DEPLOYMENT_TARGET = 11.2;
				MTL_ENABLE_DEBUG_INFO = YES;
				ONLY_ACTIVE_ARCH = YES;
				SDKROOT = iphoneos;
				SWIFT_ACTIVE_COMPILATION_CONDITIONS = DEBUG;
				SWIFT_OPTIMIZATION_LEVEL = "-Onone";
			};
			name = Debug;
		};
		516A22311FF62389004AEF95 /* Release */ = {
			isa = XCBuildConfiguration;
			buildSettings = {
				ALWAYS_SEARCH_USER_PATHS = NO;
				CLANG_ANALYZER_NONNULL = YES;
				CLANG_ANALYZER_NUMBER_OBJECT_CONVERSION = YES_AGGRESSIVE;
				CLANG_CXX_LANGUAGE_STANDARD = "gnu++14";
				CLANG_CXX_LIBRARY = "libc++";
				CLANG_ENABLE_MODULES = YES;
				CLANG_ENABLE_OBJC_ARC = YES;
				CLANG_WARN_BLOCK_CAPTURE_AUTORELEASING = YES;
				CLANG_WARN_BOOL_CONVERSION = YES;
				CLANG_WARN_COMMA = YES;
				CLANG_WARN_CONSTANT_CONVERSION = YES;
				CLANG_WARN_DIRECT_OBJC_ISA_USAGE = YES_ERROR;
				CLANG_WARN_DOCUMENTATION_COMMENTS = YES;
				CLANG_WARN_EMPTY_BODY = YES;
				CLANG_WARN_ENUM_CONVERSION = YES;
				CLANG_WARN_INFINITE_RECURSION = YES;
				CLANG_WARN_INT_CONVERSION = YES;
				CLANG_WARN_NON_LITERAL_NULL_CONVERSION = YES;
				CLANG_WARN_OBJC_LITERAL_CONVERSION = YES;
				CLANG_WARN_OBJC_ROOT_CLASS = YES_ERROR;
				CLANG_WARN_RANGE_LOOP_ANALYSIS = YES;
				CLANG_WARN_STRICT_PROTOTYPES = YES;
				CLANG_WARN_SUSPICIOUS_MOVE = YES;
				CLANG_WARN_UNGUARDED_AVAILABILITY = YES_AGGRESSIVE;
				CLANG_WARN_UNREACHABLE_CODE = YES;
				CLANG_WARN__DUPLICATE_METHOD_MATCH = YES;
				CODE_SIGN_IDENTITY = "iPhone Developer";
				COPY_PHASE_STRIP = NO;
				DEBUG_INFORMATION_FORMAT = "dwarf-with-dsym";
				ENABLE_NS_ASSERTIONS = NO;
				ENABLE_STRICT_OBJC_MSGSEND = YES;
				GCC_C_LANGUAGE_STANDARD = gnu11;
				GCC_NO_COMMON_BLOCKS = YES;
				GCC_WARN_64_TO_32_BIT_CONVERSION = YES;
				GCC_WARN_ABOUT_RETURN_TYPE = YES_ERROR;
				GCC_WARN_UNDECLARED_SELECTOR = YES;
				GCC_WARN_UNINITIALIZED_AUTOS = YES_AGGRESSIVE;
				GCC_WARN_UNUSED_FUNCTION = YES;
				GCC_WARN_UNUSED_VARIABLE = YES;
				IPHONEOS_DEPLOYMENT_TARGET = 11.2;
				MTL_ENABLE_DEBUG_INFO = NO;
				SDKROOT = iphoneos;
				SWIFT_OPTIMIZATION_LEVEL = "-Owholemodule";
				VALIDATE_PRODUCT = YES;
			};
			name = Release;
		};
		516A22331FF62389004AEF95 /* Debug */ = {
			isa = XCBuildConfiguration;
			baseConfigurationReference = 33F417F2040C33F6253BF2C5 /* Pods-BGDuureg.debug.xcconfig */;
			buildSettings = {
				ASSETCATALOG_COMPILER_APPICON_NAME = AppIcon;
				CLANG_ENABLE_MODULES = YES;
				"CODE_SIGN_IDENTITY[sdk=iphoneos*]" = "iPhone Developer";
				CODE_SIGN_STYLE = Automatic;
				DEVELOPMENT_TEAM = RE94NVJ9SR;
				INFOPLIST_FILE = BGDuureg/Info.plist;
				IPHONEOS_DEPLOYMENT_TARGET = 9.0;
				LD_RUNPATH_SEARCH_PATHS = "$(inherited) @executable_path/Frameworks";
				PRODUCT_BUNDLE_IDENTIFIER = qwe.BGDuureg.com;
				PRODUCT_NAME = "$(TARGET_NAME)";
				PROVISIONING_PROFILE_SPECIFIER = "";
				SWIFT_OBJC_BRIDGING_HEADER = "$(SRCROOT)/$(PROJECT_NAME)/$(SWIFT_MODULE_NAME)-Bridging-Header.h";
				SWIFT_OPTIMIZATION_LEVEL = "-Onone";
				SWIFT_VERSION = 4.0;
				TARGETED_DEVICE_FAMILY = 1;
			};
			name = Debug;
		};
		516A22341FF62389004AEF95 /* Release */ = {
			isa = XCBuildConfiguration;
			baseConfigurationReference = 33E7CC8700CE80494DEB76F4 /* Pods-BGDuureg.release.xcconfig */;
			buildSettings = {
				ASSETCATALOG_COMPILER_APPICON_NAME = AppIcon;
				CLANG_ENABLE_MODULES = YES;
				"CODE_SIGN_IDENTITY[sdk=iphoneos*]" = "iPhone Developer";
				CODE_SIGN_STYLE = Automatic;
				DEVELOPMENT_TEAM = RE94NVJ9SR;
				INFOPLIST_FILE = BGDuureg/Info.plist;
				IPHONEOS_DEPLOYMENT_TARGET = 9.0;
				LD_RUNPATH_SEARCH_PATHS = "$(inherited) @executable_path/Frameworks";
				PRODUCT_BUNDLE_IDENTIFIER = qwe.BGDuureg.com;
				PRODUCT_NAME = "$(TARGET_NAME)";
				PROVISIONING_PROFILE_SPECIFIER = "";
				SWIFT_OBJC_BRIDGING_HEADER = "$(SRCROOT)/$(PROJECT_NAME)/$(SWIFT_MODULE_NAME)-Bridging-Header.h";
				SWIFT_VERSION = 4.0;
				TARGETED_DEVICE_FAMILY = 1;
			};
			name = Release;
		};
		516A22361FF62389004AEF95 /* Debug */ = {
			isa = XCBuildConfiguration;
			buildSettings = {
				ALWAYS_EMBED_SWIFT_STANDARD_LIBRARIES = YES;
				BUNDLE_LOADER = "$(TEST_HOST)";
				CODE_SIGN_STYLE = Automatic;
				INFOPLIST_FILE = BGDuuregTests/Info.plist;
				LD_RUNPATH_SEARCH_PATHS = "$(inherited) @executable_path/Frameworks @loader_path/Frameworks";
				PRODUCT_BUNDLE_IDENTIFIER = qwe.BGDuuregTests;
				PRODUCT_NAME = "$(TARGET_NAME)";
				SWIFT_VERSION = 4.0;
				TARGETED_DEVICE_FAMILY = "1,2";
				TEST_HOST = "$(BUILT_PRODUCTS_DIR)/BGDuureg.app/BGDuureg";
			};
			name = Debug;
		};
		516A22371FF62389004AEF95 /* Release */ = {
			isa = XCBuildConfiguration;
			buildSettings = {
				ALWAYS_EMBED_SWIFT_STANDARD_LIBRARIES = YES;
				BUNDLE_LOADER = "$(TEST_HOST)";
				CODE_SIGN_STYLE = Automatic;
				INFOPLIST_FILE = BGDuuregTests/Info.plist;
				LD_RUNPATH_SEARCH_PATHS = "$(inherited) @executable_path/Frameworks @loader_path/Frameworks";
				PRODUCT_BUNDLE_IDENTIFIER = qwe.BGDuuregTests;
				PRODUCT_NAME = "$(TARGET_NAME)";
				SWIFT_VERSION = 4.0;
				TARGETED_DEVICE_FAMILY = "1,2";
				TEST_HOST = "$(BUILT_PRODUCTS_DIR)/BGDuureg.app/BGDuureg";
			};
			name = Release;
		};
		516A22391FF62389004AEF95 /* Debug */ = {
			isa = XCBuildConfiguration;
			buildSettings = {
				ALWAYS_EMBED_SWIFT_STANDARD_LIBRARIES = YES;
				CODE_SIGN_STYLE = Automatic;
				INFOPLIST_FILE = BGDuuregUITests/Info.plist;
				LD_RUNPATH_SEARCH_PATHS = "$(inherited) @executable_path/Frameworks @loader_path/Frameworks";
				PRODUCT_BUNDLE_IDENTIFIER = qwe.BGDuuregUITests;
				PRODUCT_NAME = "$(TARGET_NAME)";
				SWIFT_VERSION = 4.0;
				TARGETED_DEVICE_FAMILY = "1,2";
				TEST_TARGET_NAME = BGDuureg;
			};
			name = Debug;
		};
		516A223A1FF62389004AEF95 /* Release */ = {
			isa = XCBuildConfiguration;
			buildSettings = {
				ALWAYS_EMBED_SWIFT_STANDARD_LIBRARIES = YES;
				CODE_SIGN_STYLE = Automatic;
				INFOPLIST_FILE = BGDuuregUITests/Info.plist;
				LD_RUNPATH_SEARCH_PATHS = "$(inherited) @executable_path/Frameworks @loader_path/Frameworks";
				PRODUCT_BUNDLE_IDENTIFIER = qwe.BGDuuregUITests;
				PRODUCT_NAME = "$(TARGET_NAME)";
				SWIFT_VERSION = 4.0;
				TARGETED_DEVICE_FAMILY = "1,2";
				TEST_TARGET_NAME = BGDuureg;
			};
			name = Release;
		};
/* End XCBuildConfiguration section */

/* Begin XCConfigurationList section */
		516A22051FF62389004AEF95 /* Build configuration list for PBXProject "BGDuureg" */ = {
			isa = XCConfigurationList;
			buildConfigurations = (
				516A22301FF62389004AEF95 /* Debug */,
				516A22311FF62389004AEF95 /* Release */,
			);
			defaultConfigurationIsVisible = 0;
			defaultConfigurationName = Release;
		};
		516A22321FF62389004AEF95 /* Build configuration list for PBXNativeTarget "BGDuureg" */ = {
			isa = XCConfigurationList;
			buildConfigurations = (
				516A22331FF62389004AEF95 /* Debug */,
				516A22341FF62389004AEF95 /* Release */,
			);
			defaultConfigurationIsVisible = 0;
			defaultConfigurationName = Release;
		};
		516A22351FF62389004AEF95 /* Build configuration list for PBXNativeTarget "BGDuuregTests" */ = {
			isa = XCConfigurationList;
			buildConfigurations = (
				516A22361FF62389004AEF95 /* Debug */,
				516A22371FF62389004AEF95 /* Release */,
			);
			defaultConfigurationIsVisible = 0;
			defaultConfigurationName = Release;
		};
		516A22381FF62389004AEF95 /* Build configuration list for PBXNativeTarget "BGDuuregUITests" */ = {
			isa = XCConfigurationList;
			buildConfigurations = (
				516A22391FF62389004AEF95 /* Debug */,
				516A223A1FF62389004AEF95 /* Release */,
			);
			defaultConfigurationIsVisible = 0;
			defaultConfigurationName = Release;
		};
/* End XCConfigurationList section */
	};
	rootObject = 516A22021FF62389004AEF95 /* Project object */;
}
